dependencies:
- name: postgresql
  repository: https://charts.bitnami.com/bitnami
  version: 13.1.5
- name: common
  repository: https://charts.bitnami.com/bitnami
  version: 2.26.0
digest: sha256:b596ecbb055820a5f133a33247a08fb22a6c7c6213967477a40342c0207fcb97
generated: "2024-11-05T14:59:31.867609562+01:00"
